<?xml version="1.0" encoding="utf-8"?>
<Project ToolsVersion="17.0" xmlns="http://schemas.microsoft.com/developer/msbuild/2003">
  <ItemGroup>
    <ClCompile Include="D:\mini_lisp\src\builtins.cpp">
      <Filter>Source Files</Filter>
    </ClCompile>
    <ClCompile Include="D:\mini_lisp\src\eval_env.cpp">
      <Filter>Source Files</Filter>
    </ClCompile>
    <ClCompile Include="D:\mini_lisp\src\forms.cpp">
      <Filter>Source Files</Filter>
    </ClCompile>
    <ClCompile Include="D:\mini_lisp\src\main.cpp">
      <Filter>Source Files</Filter>
    </ClCompile>
    <ClCompile Include="D:\mini_lisp\src\parser.cpp">
      <Filter>Source Files</Filter>
    </ClCompile>
    <ClCompile Include="D:\mini_lisp\src\token.cpp">
      <Filter>Source Files</Filter>
    </ClCompile>
    <ClCompile Include="D:\mini_lisp\src\tokenizer.cpp">
      <Filter>Source Files</Filter>
    </ClCompile>
    <ClCompile Include="D:\mini_lisp\src\value.cpp">
      <Filter>Source Files</Filter>
    </ClCompile>
  </ItemGroup>
  <ItemGroup>
    <CustomBuild Include="D:\mini_lisp\CMakeLists.txt" />
  </ItemGroup>
  <ItemGroup>
    <Filter Include="Source Files">
      <UniqueIdentifier>{95674FBD-EAF9-318F-8D32-A3D62359A789}</UniqueIdentifier>
    </Filter>
  </ItemGroup>
</Project>
